
Microsoft Visual Studio Solution File, Format Version 12.00
# Visual Studio 2013
VisualStudioVersion = 12.0.21005.1
MinimumVisualStudioVersion = 10.0.40219.1
Project("{FAE04EC0-301F-11D3-BF4B-00C04F79EFBC}") = "Bunniverse", "Bunniverse\Bunniverse.csproj", "{29CD1333-B53B-4E3B-9F9E-594326C3BD3F}"
EndProject
Project("{FAE04EC0-301F-11D3-BF4B-00C04F79EFBC}") = "Bunniverse.Models", "Bunniverse.Models\Bunniverse.Models.csproj", "{570E9FD8-64A9-4414-9EFB-DA62E7D4AE4C}"
EndProject
Project("{FAE04EC0-301F-11D3-BF4B-00C04F79EFBC}") = "Bunniverse.Data", "Bunniverse.Data\Bunniverse.Data.csproj", "{17FFDCCE-1439-48CF-961E-3137B873DC6F}"
EndProject
Project("{FAE04EC0-301F-11D3-BF4B-00C04F79EFBC}") = "Bunniverse.WebClient", "Bunniverse.WebClient\Bunniverse.WebClient.csproj", "{1DD2A6E4-6A8A-415B-9493-A194C7459BB5}"
EndProject
Global
	GlobalSection(SolutionConfigurationPlatforms) = preSolution
		Debug|Any CPU = Debug|Any CPU
		Release|Any CPU = Release|Any CPU
	EndGlobalSection
	GlobalSection(ProjectConfigurationPlatforms) = postSolution
		{29CD1333-B53B-4E3B-9F9E-594326C3BD3F}.Debug|Any CPU.ActiveCfg = Debug|Any CPU
		{29CD1333-B53B-4E3B-9F9E-594326C3BD3F}.Debug|Any CPU.Build.0 = Debug|Any CPU
		{29CD1333-B53B-4E3B-9F9E-594326C3BD3F}.Release|Any CPU.ActiveCfg = Release|Any CPU
		{29CD1333-B53B-4E3B-9F9E-594326C3BD3F}.Release|Any CPU.Build.0 = Release|Any CPU
		{570E9FD8-64A9-4414-9EFB-DA62E7D4AE4C}.Debug|Any CPU.ActiveCfg = Debug|Any CPU
		{570E9FD8-64A9-4414-9EFB-DA62E7D4AE4C}.Debug|Any CPU.Build.0 = Debug|Any CPU
		{570E9FD8-64A9-4414-9EFB-DA62E7D4AE4C}.Release|Any CPU.ActiveCfg = Release|Any CPU
		{570E9FD8-64A9-4414-9EFB-DA62E7D4AE4C}.Release|Any CPU.Build.0 = Release|Any CPU
		{17FFDCCE-1439-48CF-961E-3137B873DC6F}.Debug|Any CPU.ActiveCfg = Debug|Any CPU
		{17FFDCCE-1439-48CF-961E-3137B873DC6F}.Debug|Any CPU.Build.0 = Debug|Any CPU
		{17FFDCCE-1439-48CF-961E-3137B873DC6F}.Release|Any CPU.ActiveCfg = Release|Any CPU
		{17FFDCCE-1439-48CF-961E-3137B873DC6F}.Release|Any CPU.Build.0 = Release|Any CPU
		{1DD2A6E4-6A8A-415B-9493-A194C7459BB5}.Debug|Any CPU.ActiveCfg = Debug|Any CPU
		{1DD2A6E4-6A8A-415B-9493-A194C7459BB5}.Debug|Any CPU.Build.0 = Debug|Any CPU
		{1DD2A6E4-6A8A-415B-9493-A194C7459BB5}.Release|Any CPU.ActiveCfg = Release|Any CPU
		{1DD2A6E4-6A8A-415B-9493-A194C7459BB5}.Release|Any CPU.Build.0 = Release|Any CPU
	EndGlobalSection
	GlobalSection(SolutionProperties) = preSolution
		HideSolutionNode = FALSE
	EndGlobalSection
EndGlobal
